
Microsoft Visual Studio Solution File, Format Version 12.00
# Visual Studio Version 17
VisualStudioVersion = 17.8.34330.188
MinimumVisualStudioVersion = 10.0.40219.1
Project("{9A19103F-16F7-4668-BE54-9A1E7A4F7556}") = "UserAPI", "UserAPI.csproj", "{B810F9F4-B147-4088-BA6F-61182347E91C}"
EndProject
Project("{FAE04EC0-301F-11D3-BF4B-00C04F79EFBC}") = "RabitMQConsole", "..\RabitMQConsole\RabitMQConsole.csproj", "{20A683FB-7ADB-4FAC-A37D-4315FC8DF0F3}"
EndProject
Project("{FAE04EC0-301F-11D3-BF4B-00C04F79EFBC}") = "Domains", "..\RabitMQ.Domain\Domains.csproj", "{9219B8CE-E4A0-4941-9F32-2CDDA03819C1}"
EndProject
Project("{FAE04EC0-301F-11D3-BF4B-00C04F79EFBC}") = "Repositories", "..\RabitMQ.DAL\Repositories.csproj", "{6D9204AA-F166-4A7A-9E79-2330293D9ACB}"
EndProject
Project("{FAE04EC0-301F-11D3-BF4B-00C04F79EFBC}") = "Services", "..\RabitMQ.BAL\Services.csproj", "{D3CC128E-78A4-48DC-93AA-E93542707875}"
EndProject
Global
	GlobalSection(SolutionConfigurationPlatforms) = preSolution
		Debug|Any CPU = Debug|Any CPU
		Release|Any CPU = Release|Any CPU
	EndGlobalSection
	GlobalSection(ProjectConfigurationPlatforms) = postSolution
		{B810F9F4-B147-4088-BA6F-61182347E91C}.Debug|Any CPU.ActiveCfg = Debug|Any CPU
		{B810F9F4-B147-4088-BA6F-61182347E91C}.Debug|Any CPU.Build.0 = Debug|Any CPU
		{B810F9F4-B147-4088-BA6F-61182347E91C}.Release|Any CPU.ActiveCfg = Release|Any CPU
		{B810F9F4-B147-4088-BA6F-61182347E91C}.Release|Any CPU.Build.0 = Release|Any CPU
		{20A683FB-7ADB-4FAC-A37D-4315FC8DF0F3}.Debug|Any CPU.ActiveCfg = Debug|Any CPU
		{20A683FB-7ADB-4FAC-A37D-4315FC8DF0F3}.Debug|Any CPU.Build.0 = Debug|Any CPU
		{20A683FB-7ADB-4FAC-A37D-4315FC8DF0F3}.Release|Any CPU.ActiveCfg = Release|Any CPU
		{20A683FB-7ADB-4FAC-A37D-4315FC8DF0F3}.Release|Any CPU.Build.0 = Release|Any CPU
		{9219B8CE-E4A0-4941-9F32-2CDDA03819C1}.Debug|Any CPU.ActiveCfg = Debug|Any CPU
		{9219B8CE-E4A0-4941-9F32-2CDDA03819C1}.Debug|Any CPU.Build.0 = Debug|Any CPU
		{9219B8CE-E4A0-4941-9F32-2CDDA03819C1}.Release|Any CPU.ActiveCfg = Release|Any CPU
		{9219B8CE-E4A0-4941-9F32-2CDDA03819C1}.Release|Any CPU.Build.0 = Release|Any CPU
		{6D9204AA-F166-4A7A-9E79-2330293D9ACB}.Debug|Any CPU.ActiveCfg = Debug|Any CPU
		{6D9204AA-F166-4A7A-9E79-2330293D9ACB}.Debug|Any CPU.Build.0 = Debug|Any CPU
		{6D9204AA-F166-4A7A-9E79-2330293D9ACB}.Release|Any CPU.ActiveCfg = Release|Any CPU
		{6D9204AA-F166-4A7A-9E79-2330293D9ACB}.Release|Any CPU.Build.0 = Release|Any CPU
		{D3CC128E-78A4-48DC-93AA-E93542707875}.Debug|Any CPU.ActiveCfg = Debug|Any CPU
		{D3CC128E-78A4-48DC-93AA-E93542707875}.Debug|Any CPU.Build.0 = Debug|Any CPU
		{D3CC128E-78A4-48DC-93AA-E93542707875}.Release|Any CPU.ActiveCfg = Release|Any CPU
		{D3CC128E-78A4-48DC-93AA-E93542707875}.Release|Any CPU.Build.0 = Release|Any CPU
	EndGlobalSection
	GlobalSection(SolutionProperties) = preSolution
		HideSolutionNode = FALSE
	EndGlobalSection
	GlobalSection(ExtensibilityGlobals) = postSolution
		SolutionGuid = {C005D731-5527-46B0-9AEF-C0DA3812DBF8}
	EndGlobalSection
EndGlobal
